// !$*UTF8*$!
{
	archiveVersion = 1;
	classes = {
	};
	objectVersion = 48;
	objects = {

/* Begin PBXBuildFile section */
		B1086DC020636FF900C25255 /* main.c in Sources */ = {isa = PBXBuildFile; fileRef = B1086DBF20636FF900C25255 /* main.c */; };
		B1086DC92063767200C25255 /* ngx_palloc.c in Sources */ = {isa = PBXBuildFile; fileRef = B1086DC82063767200C25255 /* ngx_palloc.c */; };
		B1086DCC2063768500C25255 /* ngx_array.c in Sources */ = {isa = PBXBuildFile; fileRef = B1086DCB2063768500C25255 /* ngx_array.c */; };
		B1086DCF2063770D00C25255 /* ngx_alloc.c in Sources */ = {isa = PBXBuildFile; fileRef = B1086DCE2063770D00C25255 /* ngx_alloc.c */; };
		B1086DD220637F9100C25255 /* ngx_core.c in Sources */ = {isa = PBXBuildFile; fileRef = B1086DD120637F9100C25255 /* ngx_core.c */; };
		B1CC9E722064B32B006C29A3 /* ngx_string.c in Sources */ = {isa = PBXBuildFile; fileRef = B1CC9E712064B32B006C29A3 /* ngx_string.c */; };
/* End PBXBuildFile section */

/* Begin PBXCopyFilesBuildPhase section */
		B1086DBA20636FF900C25255 /* CopyFiles */ = {
			isa = PBXCopyFilesBuildPhase;
			buildActionMask = 2147483647;
			dstPath = /usr/share/man/man1/;
			dstSubfolderSpec = 0;
			files = (
			);
			runOnlyForDeploymentPostprocessing = 1;
		};
/* End PBXCopyFilesBuildPhase section */

/* Begin PBXFileReference section */
		B1086DBC20636FF900C25255 /* nginx_src_study */ = {isa = PBXFileReference; explicitFileType = "compiled.mach-o.executable"; includeInIndex = 0; path = nginx_src_study; sourceTree = BUILT_PRODUCTS_DIR; };
		B1086DBF20636FF900C25255 /* main.c */ = {isa = PBXFileReference; lastKnownFileType = sourcecode.c.c; path = main.c; sourceTree = "<group>"; };
		B1086DC6206370DC00C25255 /* .gitignore */ = {isa = PBXFileReference; lastKnownFileType = text; path = .gitignore; sourceTree = "<group>"; };
		B1086DC72063710C00C25255 /* ngx_palloc.h */ = {isa = PBXFileReference; lastKnownFileType = sourcecode.c.h; path = ngx_palloc.h; sourceTree = "<group>"; };
		B1086DC82063767200C25255 /* ngx_palloc.c */ = {isa = PBXFileReference; lastKnownFileType = sourcecode.c.c; path = ngx_palloc.c; sourceTree = "<group>"; };
		B1086DCA2063768500C25255 /* ngx_array.h */ = {isa = PBXFileReference; lastKnownFileType = sourcecode.c.h; path = ngx_array.h; sourceTree = "<group>"; };
		B1086DCB2063768500C25255 /* ngx_array.c */ = {isa = PBXFileReference; lastKnownFileType = sourcecode.c.c; path = ngx_array.c; sourceTree = "<group>"; };
		B1086DCD2063770D00C25255 /* ngx_alloc.h */ = {isa = PBXFileReference; lastKnownFileType = sourcecode.c.h; path = ngx_alloc.h; sourceTree = "<group>"; };
		B1086DCE2063770D00C25255 /* ngx_alloc.c */ = {isa = PBXFileReference; lastKnownFileType = sourcecode.c.c; path = ngx_alloc.c; sourceTree = "<group>"; };
		B1086DD020637F9100C25255 /* ngx_core.h */ = {isa = PBXFileReference; lastKnownFileType = sourcecode.c.h; path = ngx_core.h; sourceTree = "<group>"; };
		B1086DD120637F9100C25255 /* ngx_core.c */ = {isa = PBXFileReference; lastKnownFileType = sourcecode.c.c; path = ngx_core.c; sourceTree = "<group>"; };
		B1CC9E702064B32B006C29A3 /* ngx_string.h */ = {isa = PBXFileReference; lastKnownFileType = sourcecode.c.h; path = ngx_string.h; sourceTree = "<group>"; };
		B1CC9E712064B32B006C29A3 /* ngx_string.c */ = {isa = PBXFileReference; lastKnownFileType = sourcecode.c.c; path = ngx_string.c; sourceTree = "<group>"; };
/* End PBXFileReference section */

/* Begin PBXFrameworksBuildPhase section */
		B1086DB920636FF900C25255 /* Frameworks */ = {
			isa = PBXFrameworksBuildPhase;
			buildActionMask = 2147483647;
			files = (
			);
			runOnlyForDeploymentPostprocessing = 0;
		};
/* End PBXFrameworksBuildPhase section */

/* Begin PBXGroup section */
		B1086DB320636FF900C25255 = {
			isa = PBXGroup;
			children = (
				B1086DC6206370DC00C25255 /* .gitignore */,
				B1086DBE20636FF900C25255 /* nginx_src_study */,
				B1086DBD20636FF900C25255 /* Products */,
			);
			sourceTree = "<group>";
		};
		B1086DBD20636FF900C25255 /* Products */ = {
			isa = PBXGroup;
			children = (
				B1086DBC20636FF900C25255 /* nginx_src_study */,
			);
			name = Products;
			sourceTree = "<group>";
		};
		B1086DBE20636FF900C25255 /* nginx_src_study */ = {
			isa = PBXGroup;
			children = (
				B1086DBF20636FF900C25255 /* main.c */,
				B1086DC72063710C00C25255 /* ngx_palloc.h */,
				B1086DC82063767200C25255 /* ngx_palloc.c */,
				B1086DCA2063768500C25255 /* ngx_array.h */,
				B1086DCB2063768500C25255 /* ngx_array.c */,
				B1086DCD2063770D00C25255 /* ngx_alloc.h */,
				B1086DCE2063770D00C25255 /* ngx_alloc.c */,
				B1086DD020637F9100C25255 /* ngx_core.h */,
				B1086DD120637F9100C25255 /* ngx_core.c */,
				B1CC9E702064B32B006C29A3 /* ngx_string.h */,
				B1CC9E712064B32B006C29A3 /* ngx_string.c */,
			);
			path = nginx_src_study;
			sourceTree = "<group>";
		};
/* End PBXGroup section */

/* Begin PBXNativeTarget section */
		B1086DBB20636FF900C25255 /* nginx_src_study */ = {
			isa = PBXNativeTarget;
			buildConfigurationList = B1086DC320636FF900C25255 /* Build configuration list for PBXNativeTarget "nginx_src_study" */;
			buildPhases = (
				B1086DB820636FF900C25255 /* Sources */,
				B1086DB920636FF900C25255 /* Frameworks */,
				B1086DBA20636FF900C25255 /* CopyFiles */,
			);
			buildRules = (
			);
			dependencies = (
			);
			name = nginx_src_study;
			productName = nginx_src_study;
			productReference = B1086DBC20636FF900C25255 /* nginx_src_study */;
			productType = "com.apple.product-type.tool";
		};
/* End PBXNativeTarget section */

/* Begin PBXProject section */
		B1086DB420636FF900C25255 /* Project object */ = {
			isa = PBXProject;
			attributes = {
				LastUpgradeCheck = 0920;
				ORGANIZATIONNAME = zhangyoulun;
				TargetAttributes = {
					B1086DBB20636FF900C25255 = {
						CreatedOnToolsVersion = 9.2;
						ProvisioningStyle = Automatic;
					};
				};
			};
			buildConfigurationList = B1086DB720636FF900C25255 /* Build configuration list for PBXProject "nginx_src_study" */;
			compatibilityVersion = "Xcode 8.0";
			developmentRegion = en;
			hasScannedForEncodings = 0;
			knownRegions = (
				en,
			);
			mainGroup = B1086DB320636FF900C25255;
			productRefGroup = B1086DBD20636FF900C25255 /* Products */;
			projectDirPath = "";
			projectRoot = "";
			targets = (
				B1086DBB20636FF900C25255 /* nginx_src_study */,
			);
		};
/* End PBXProject section */

/* Begin PBXSourcesBuildPhase section */
		B1086DB820636FF900C25255 /* Sources */ = {
			isa = PBXSourcesBuildPhase;
			buildActionMask = 2147483647;
			files = (
				B1086DCC2063768500C25255 /* ngx_array.c in Sources */,
				B1086DC92063767200C25255 /* ngx_palloc.c in Sources */,
				B1CC9E722064B32B006C29A3 /* ngx_string.c in Sources */,
				B1086DD220637F9100C25255 /* ngx_core.c in Sources */,
				B1086DC020636FF900C25255 /* main.c in Sources */,
				B1086DCF2063770D00C25255 /* ngx_alloc.c in Sources */,
			);
			runOnlyForDeploymentPostprocessing = 0;
		};
/* End PBXSourcesBuildPhase section */

/* Begin XCBuildConfiguration section */
		B1086DC120636FF900C25255 /* Debug */ = {
			isa = XCBuildConfiguration;
			buildSettings = {
				ALWAYS_SEARCH_USER_PATHS = NO;
				CLANG_ANALYZER_NONNULL = YES;
				CLANG_ANALYZER_NUMBER_OBJECT_CONVERSION = YES_AGGRESSIVE;
				CLANG_CXX_LANGUAGE_STANDARD = "gnu++14";
				CLANG_CXX_LIBRARY = "libc++";
				CLANG_ENABLE_MODULES = YES;
				CLANG_ENABLE_OBJC_ARC = YES;
				CLANG_WARN_BLOCK_CAPTURE_AUTORELEASING = YES;
				CLANG_WARN_BOOL_CONVERSION = YES;
				CLANG_WARN_COMMA = YES;
				CLANG_WARN_CONSTANT_CONVERSION = YES;
				CLANG_WARN_DIRECT_OBJC_ISA_USAGE = YES_ERROR;
				CLANG_WARN_DOCUMENTATION_COMMENTS = YES;
				CLANG_WARN_EMPTY_BODY = YES;
				CLANG_WARN_ENUM_CONVERSION = YES;
				CLANG_WARN_INFINITE_RECURSION = YES;
				CLANG_WARN_INT_CONVERSION = YES;
				CLANG_WARN_NON_LITERAL_NULL_CONVERSION = YES;
				CLANG_WARN_OBJC_LITERAL_CONVERSION = YES;
				CLANG_WARN_OBJC_ROOT_CLASS = YES_ERROR;
				CLANG_WARN_RANGE_LOOP_ANALYSIS = YES;
				CLANG_WARN_STRICT_PROTOTYPES = YES;
				CLANG_WARN_SUSPICIOUS_MOVE = YES;
				CLANG_WARN_UNGUARDED_AVAILABILITY = YES_AGGRESSIVE;
				CLANG_WARN_UNREACHABLE_CODE = YES;
				CLANG_WARN__DUPLICATE_METHOD_MATCH = YES;
				CODE_SIGN_IDENTITY = "-";
				COPY_PHASE_STRIP = NO;
				DEBUG_INFORMATION_FORMAT = dwarf;
				ENABLE_STRICT_OBJC_MSGSEND = YES;
				ENABLE_TESTABILITY = YES;
				GCC_C_LANGUAGE_STANDARD = gnu11;
				GCC_DYNAMIC_NO_PIC = NO;
				GCC_NO_COMMON_BLOCKS = YES;
				GCC_OPTIMIZATION_LEVEL = 0;
				GCC_PREPROCESSOR_DEFINITIONS = (
					"DEBUG=1",
					"$(inherited)",
				);
				GCC_WARN_64_TO_32_BIT_CONVERSION = YES;
				GCC_WARN_ABOUT_RETURN_TYPE = YES_ERROR;
				GCC_WARN_UNDECLARED_SELECTOR = YES;
				GCC_WARN_UNINITIALIZED_AUTOS = YES_AGGRESSIVE;
				GCC_WARN_UNUSED_FUNCTION = YES;
				GCC_WARN_UNUSED_VARIABLE = YES;
				MACOSX_DEPLOYMENT_TARGET = 10.13;
				MTL_ENABLE_DEBUG_INFO = YES;
				ONLY_ACTIVE_ARCH = YES;
				SDKROOT = macosx;
			};
			name = Debug;
		};
		B1086DC220636FF900C25255 /* Release */ = {
			isa = XCBuildConfiguration;
			buildSettings = {
				ALWAYS_SEARCH_USER_PATHS = NO;
				CLANG_ANALYZER_NONNULL = YES;
				CLANG_ANALYZER_NUMBER_OBJECT_CONVERSION = YES_AGGRESSIVE;
				CLANG_CXX_LANGUAGE_STANDARD = "gnu++14";
				CLANG_CXX_LIBRARY = "libc++";
				CLANG_ENABLE_MODULES = YES;
				CLANG_ENABLE_OBJC_ARC = YES;
				CLANG_WARN_BLOCK_CAPTURE_AUTORELEASING = YES;
				CLANG_WARN_BOOL_CONVERSION = YES;
				CLANG_WARN_COMMA = YES;
				CLANG_WARN_CONSTANT_CONVERSION = YES;
				CLANG_WARN_DIRECT_OBJC_ISA_USAGE = YES_ERROR;
				CLANG_WARN_DOCUMENTATION_COMMENTS = YES;
				CLANG_WARN_EMPTY_BODY = YES;
				CLANG_WARN_ENUM_CONVERSION = YES;
				CLANG_WARN_INFINITE_RECURSION = YES;
				CLANG_WARN_INT_CONVERSION = YES;
				CLANG_WARN_NON_LITERAL_NULL_CONVERSION = YES;
				CLANG_WARN_OBJC_LITERAL_CONVERSION = YES;
				CLANG_WARN_OBJC_ROOT_CLASS = YES_ERROR;
				CLANG_WARN_RANGE_LOOP_ANALYSIS = YES;
				CLANG_WARN_STRICT_PROTOTYPES = YES;
				CLANG_WARN_SUSPICIOUS_MOVE = YES;
				CLANG_WARN_UNGUARDED_AVAILABILITY = YES_AGGRESSIVE;
				CLANG_WARN_UNREACHABLE_CODE = YES;
				CLANG_WARN__DUPLICATE_METHOD_MATCH = YES;
				CODE_SIGN_IDENTITY = "-";
				COPY_PHASE_STRIP = NO;
				DEBUG_INFORMATION_FORMAT = "dwarf-with-dsym";
				ENABLE_NS_ASSERTIONS = NO;
				ENABLE_STRICT_OBJC_MSGSEND = YES;
				GCC_C_LANGUAGE_STANDARD = gnu11;
				GCC_NO_COMMON_BLOCKS = YES;
				GCC_WARN_64_TO_32_BIT_CONVERSION = YES;
				GCC_WARN_ABOUT_RETURN_TYPE = YES_ERROR;
				GCC_WARN_UNDECLARED_SELECTOR = YES;
				GCC_WARN_UNINITIALIZED_AUTOS = YES_AGGRESSIVE;
				GCC_WARN_UNUSED_FUNCTION = YES;
				GCC_WARN_UNUSED_VARIABLE = YES;
				MACOSX_DEPLOYMENT_TARGET = 10.13;
				MTL_ENABLE_DEBUG_INFO = NO;
				SDKROOT = macosx;
			};
			name = Release;
		};
		B1086DC420636FF900C25255 /* Debug */ = {
			isa = XCBuildConfiguration;
			buildSettings = {
				CODE_SIGN_STYLE = Automatic;
				PRODUCT_NAME = "$(TARGET_NAME)";
			};
			name = Debug;
		};
		B1086DC520636FF900C25255 /* Release */ = {
			isa = XCBuildConfiguration;
			buildSettings = {
				CODE_SIGN_STYLE = Automatic;
				PRODUCT_NAME = "$(TARGET_NAME)";
			};
			name = Release;
		};
/* End XCBuildConfiguration section */

/* Begin XCConfigurationList section */
		B1086DB720636FF900C25255 /* Build configuration list for PBXProject "nginx_src_study" */ = {
			isa = XCConfigurationList;
			buildConfigurations = (
				B1086DC120636FF900C25255 /* Debug */,
				B1086DC220636FF900C25255 /* Release */,
			);
			defaultConfigurationIsVisible = 0;
			defaultConfigurationName = Release;
		};
		B1086DC320636FF900C25255 /* Build configuration list for PBXNativeTarget "nginx_src_study" */ = {
			isa = XCConfigurationList;
			buildConfigurations = (
				B1086DC420636FF900C25255 /* Debug */,
				B1086DC520636FF900C25255 /* Release */,
			);
			defaultConfigurationIsVisible = 0;
			defaultConfigurationName = Release;
		};
/* End XCConfigurationList section */
	};
	rootObject = B1086DB420636FF900C25255 /* Project object */;
}
